
Microsoft Visual Studio Solution File, Format Version 12.00
# Visual Studio 15
VisualStudioVersion = 15.0.28010.2046
MinimumVisualStudioVersion = 10.0.40219.1
Project("{FAE04EC0-301F-11D3-BF4B-00C04F79EFBC}") = "AngularJSAuthentication.API", "AngularJSAuthentication.API\AngularJSAuthentication.API.csproj", "{23DFCFD5-B158-4C0D-9C31-5E9CB64C64CF}"
EndProject
Project("{FAE04EC0-301F-11D3-BF4B-00C04F79EFBC}") = "AngularJSAuthentication.Web", "AngularJSAuthentication.Web\AngularJSAuthentication.Web.csproj", "{E4156422-2684-4222-95C2-4B9AE4CBA7E3}"
EndProject
Project("{FAE04EC0-301F-11D3-BF4B-00C04F79EFBC}") = "AngularJSAuthentication.ResourceServer", "AngularJSAuthentication.ResourceServer\AngularJSAuthentication.ResourceServer.csproj", "{69BC6280-CF91-409C-81BF-28B95417ACBF}"
EndProject
Project("{9A19103F-16F7-4668-BE54-9A1E7A4F7556}") = "nH.Identity", "nH.Identity\nH.Identity.csproj", "{4F546AA8-644A-45E8-BCFC-2C6ABA65E54A}"
EndProject
Project("{9A19103F-16F7-4668-BE54-9A1E7A4F7556}") = "AngularASPNETCore2WebApiAuth.Api", "AngularASPNETCore2WebApiAuth.Api\AngularASPNETCore2WebApiAuth.Api.csproj", "{D71BDAEB-13B0-4FC1-AB7D-843084F0A01B}"
EndProject
Project("{9A19103F-16F7-4668-BE54-9A1E7A4F7556}") = "TokenApi", "TokenApi\TokenApi.csproj", "{257E186C-9CC1-4857-BEAB-279A0D6E8433}"
EndProject
Project("{9A19103F-16F7-4668-BE54-9A1E7A4F7556}") = "nH.Infrastructure", "nH.Infrastructure\nH.Infrastructure.csproj", "{40EA27DE-BA72-4295-93B6-99030F486CDB}"
EndProject
Project("{9A19103F-16F7-4668-BE54-9A1E7A4F7556}") = "Authentication.Api.Infrastructure", "Authentication.Api.Infrastructure\Authentication.Api.Infrastructure.csproj", "{5D0C09DF-83A7-429F-9207-FF5D5A2EB694}"
EndProject
Project("{FAE04EC0-301F-11D3-BF4B-00C04F79EFBC}") = "ASOS.Identity.Api", "ASOS.Identity.Api\ASOS.Identity.Api.csproj", "{606C9280-C7E9-4121-8BCF-6EAB4AC3B774}"
EndProject
Global
	GlobalSection(SolutionConfigurationPlatforms) = preSolution
		Debug|Any CPU = Debug|Any CPU
		Release|Any CPU = Release|Any CPU
	EndGlobalSection
	GlobalSection(ProjectConfigurationPlatforms) = postSolution
		{23DFCFD5-B158-4C0D-9C31-5E9CB64C64CF}.Debug|Any CPU.ActiveCfg = Debug|Any CPU
		{23DFCFD5-B158-4C0D-9C31-5E9CB64C64CF}.Debug|Any CPU.Build.0 = Debug|Any CPU
		{23DFCFD5-B158-4C0D-9C31-5E9CB64C64CF}.Release|Any CPU.ActiveCfg = Release|Any CPU
		{23DFCFD5-B158-4C0D-9C31-5E9CB64C64CF}.Release|Any CPU.Build.0 = Release|Any CPU
		{E4156422-2684-4222-95C2-4B9AE4CBA7E3}.Debug|Any CPU.ActiveCfg = Debug|Any CPU
		{E4156422-2684-4222-95C2-4B9AE4CBA7E3}.Debug|Any CPU.Build.0 = Debug|Any CPU
		{E4156422-2684-4222-95C2-4B9AE4CBA7E3}.Release|Any CPU.ActiveCfg = Release|Any CPU
		{E4156422-2684-4222-95C2-4B9AE4CBA7E3}.Release|Any CPU.Build.0 = Release|Any CPU
		{69BC6280-CF91-409C-81BF-28B95417ACBF}.Debug|Any CPU.ActiveCfg = Debug|Any CPU
		{69BC6280-CF91-409C-81BF-28B95417ACBF}.Debug|Any CPU.Build.0 = Debug|Any CPU
		{69BC6280-CF91-409C-81BF-28B95417ACBF}.Release|Any CPU.ActiveCfg = Release|Any CPU
		{69BC6280-CF91-409C-81BF-28B95417ACBF}.Release|Any CPU.Build.0 = Release|Any CPU
		{4F546AA8-644A-45E8-BCFC-2C6ABA65E54A}.Debug|Any CPU.ActiveCfg = Debug|Any CPU
		{4F546AA8-644A-45E8-BCFC-2C6ABA65E54A}.Debug|Any CPU.Build.0 = Debug|Any CPU
		{4F546AA8-644A-45E8-BCFC-2C6ABA65E54A}.Release|Any CPU.ActiveCfg = Release|Any CPU
		{4F546AA8-644A-45E8-BCFC-2C6ABA65E54A}.Release|Any CPU.Build.0 = Release|Any CPU
		{D71BDAEB-13B0-4FC1-AB7D-843084F0A01B}.Debug|Any CPU.ActiveCfg = Debug|Any CPU
		{D71BDAEB-13B0-4FC1-AB7D-843084F0A01B}.Debug|Any CPU.Build.0 = Debug|Any CPU
		{D71BDAEB-13B0-4FC1-AB7D-843084F0A01B}.Release|Any CPU.ActiveCfg = Release|Any CPU
		{D71BDAEB-13B0-4FC1-AB7D-843084F0A01B}.Release|Any CPU.Build.0 = Release|Any CPU
		{257E186C-9CC1-4857-BEAB-279A0D6E8433}.Debug|Any CPU.ActiveCfg = Debug|Any CPU
		{257E186C-9CC1-4857-BEAB-279A0D6E8433}.Debug|Any CPU.Build.0 = Debug|Any CPU
		{257E186C-9CC1-4857-BEAB-279A0D6E8433}.Release|Any CPU.ActiveCfg = Release|Any CPU
		{257E186C-9CC1-4857-BEAB-279A0D6E8433}.Release|Any CPU.Build.0 = Release|Any CPU
		{40EA27DE-BA72-4295-93B6-99030F486CDB}.Debug|Any CPU.ActiveCfg = Debug|Any CPU
		{40EA27DE-BA72-4295-93B6-99030F486CDB}.Debug|Any CPU.Build.0 = Debug|Any CPU
		{40EA27DE-BA72-4295-93B6-99030F486CDB}.Release|Any CPU.ActiveCfg = Release|Any CPU
		{40EA27DE-BA72-4295-93B6-99030F486CDB}.Release|Any CPU.Build.0 = Release|Any CPU
		{5D0C09DF-83A7-429F-9207-FF5D5A2EB694}.Debug|Any CPU.ActiveCfg = Debug|Any CPU
		{5D0C09DF-83A7-429F-9207-FF5D5A2EB694}.Debug|Any CPU.Build.0 = Debug|Any CPU
		{5D0C09DF-83A7-429F-9207-FF5D5A2EB694}.Release|Any CPU.ActiveCfg = Release|Any CPU
		{5D0C09DF-83A7-429F-9207-FF5D5A2EB694}.Release|Any CPU.Build.0 = Release|Any CPU
		{606C9280-C7E9-4121-8BCF-6EAB4AC3B774}.Debug|Any CPU.ActiveCfg = Debug|Any CPU
		{606C9280-C7E9-4121-8BCF-6EAB4AC3B774}.Debug|Any CPU.Build.0 = Debug|Any CPU
		{606C9280-C7E9-4121-8BCF-6EAB4AC3B774}.Release|Any CPU.ActiveCfg = Release|Any CPU
		{606C9280-C7E9-4121-8BCF-6EAB4AC3B774}.Release|Any CPU.Build.0 = Release|Any CPU
	EndGlobalSection
	GlobalSection(SolutionProperties) = preSolution
		HideSolutionNode = FALSE
	EndGlobalSection
	GlobalSection(ExtensibilityGlobals) = postSolution
		SolutionGuid = {2605AD6C-92DC-4989-B16A-930E7D3E93A1}
	EndGlobalSection
EndGlobal
